// !$*UTF8*$!
{
	archiveVersion = 1;
	classes = {
	};
	objectVersion = 46;
	objects = {

/* Begin PBXBuildFile section */
		03D986F8205ECA6E0047E6A7 /* WebViewExpUITests.m in Sources */ = {isa = PBXBuildFile; fileRef = 03D986F7205ECA6E0047E6A7 /* WebViewExpUITests.m */; };
		03D98701205ECC7E0047E6A7 /* SnapshotHelper.swift in Sources */ = {isa = PBXBuildFile; fileRef = 03D98700205ECC7E0047E6A7 /* SnapshotHelper.swift */; };
		E5294D281DC9ED6A00AC82DB /* main.m in Sources */ = {isa = PBXBuildFile; fileRef = E5294D271DC9ED6A00AC82DB /* main.m */; };
		E5294D2B1DC9ED6A00AC82DB /* AppDelegate.m in Sources */ = {isa = PBXBuildFile; fileRef = E5294D2A1DC9ED6A00AC82DB /* AppDelegate.m */; };
		E5294D2E1DC9ED6A00AC82DB /* ViewController.m in Sources */ = {isa = PBXBuildFile; fileRef = E5294D2D1DC9ED6A00AC82DB /* ViewController.m */; };
		E5294D311DC9ED6B00AC82DB /* Main.storyboard in Resources */ = {isa = PBXBuildFile; fileRef = E5294D2F1DC9ED6B00AC82DB /* Main.storyboard */; };
		E5294D331DC9ED6B00AC82DB /* Assets.xcassets in Resources */ = {isa = PBXBuildFile; fileRef = E5294D321DC9ED6B00AC82DB /* Assets.xcassets */; };
		E5294D3F1DC9EE9C00AC82DB /* UIWebViewExp.m in Sources */ = {isa = PBXBuildFile; fileRef = E5294D3E1DC9EE9C00AC82DB /* UIWebViewExp.m */; };
		E587456A1F67E63E00C1EF3A /* WKWebViewExp.m in Sources */ = {isa = PBXBuildFile; fileRef = E58745691F67E63E00C1EF3A /* WKWebViewExp.m */; };
		E5C253B81F68BE69007F257C /* LaunchScreen.storyboard in Resources */ = {isa = PBXBuildFile; fileRef = E5C253B71F68BE69007F257C /* LaunchScreen.storyboard */; };
/* End PBXBuildFile section */

/* Begin PBXContainerItemProxy section */
		03D986FA205ECA6E0047E6A7 /* PBXContainerItemProxy */ = {
			isa = PBXContainerItemProxy;
			containerPortal = E5294D1B1DC9ED6A00AC82DB /* Project object */;
			proxyType = 1;
			remoteGlobalIDString = E5294D221DC9ED6A00AC82DB;
			remoteInfo = WebViewExp;
		};
/* End PBXContainerItemProxy section */

/* Begin PBXFileReference section */
		03D986F5205ECA6E0047E6A7 /* WebViewExpUITests.xctest */ = {isa = PBXFileReference; explicitFileType = wrapper.cfbundle; includeInIndex = 0; path = WebViewExpUITests.xctest; sourceTree = BUILT_PRODUCTS_DIR; };
		03D986F7205ECA6E0047E6A7 /* WebViewExpUITests.m */ = {isa = PBXFileReference; lastKnownFileType = sourcecode.c.objc; path = WebViewExpUITests.m; sourceTree = "<group>"; };
		03D986F9205ECA6E0047E6A7 /* Info.plist */ = {isa = PBXFileReference; lastKnownFileType = text.plist.xml; path = Info.plist; sourceTree = "<group>"; };
		03D986FF205ECC7D0047E6A7 /* WebViewExpUITests-Bridging-Header.h */ = {isa = PBXFileReference; lastKnownFileType = sourcecode.c.h; path = "WebViewExpUITests-Bridging-Header.h"; sourceTree = "<group>"; };
		03D98700205ECC7E0047E6A7 /* SnapshotHelper.swift */ = {isa = PBXFileReference; fileEncoding = 4; lastKnownFileType = sourcecode.swift; name = SnapshotHelper.swift; path = fastlane/SnapshotHelper.swift; sourceTree = SOURCE_ROOT; };
		E5294D231DC9ED6A00AC82DB /* WebViewExp.app */ = {isa = PBXFileReference; explicitFileType = wrapper.application; includeInIndex = 0; path = WebViewExp.app; sourceTree = BUILT_PRODUCTS_DIR; };
		E5294D271DC9ED6A00AC82DB /* main.m */ = {isa = PBXFileReference; lastKnownFileType = sourcecode.c.objc; path = main.m; sourceTree = "<group>"; };
		E5294D291DC9ED6A00AC82DB /* AppDelegate.h */ = {isa = PBXFileReference; lastKnownFileType = sourcecode.c.h; path = AppDelegate.h; sourceTree = "<group>"; };
		E5294D2A1DC9ED6A00AC82DB /* AppDelegate.m */ = {isa = PBXFileReference; lastKnownFileType = sourcecode.c.objc; path = AppDelegate.m; sourceTree = "<group>"; };
		E5294D2C1DC9ED6A00AC82DB /* ViewController.h */ = {isa = PBXFileReference; lastKnownFileType = sourcecode.c.h; path = ViewController.h; sourceTree = "<group>"; };
		E5294D2D1DC9ED6A00AC82DB /* ViewController.m */ = {isa = PBXFileReference; lastKnownFileType = sourcecode.c.objc; path = ViewController.m; sourceTree = "<group>"; };
		E5294D301DC9ED6B00AC82DB /* Base */ = {isa = PBXFileReference; lastKnownFileType = file.storyboard; name = Base; path = Base.lproj/Main.storyboard; sourceTree = "<group>"; };
		E5294D321DC9ED6B00AC82DB /* Assets.xcassets */ = {isa = PBXFileReference; lastKnownFileType = folder.assetcatalog; path = Assets.xcassets; sourceTree = "<group>"; };
		E5294D371DC9ED6B00AC82DB /* Info.plist */ = {isa = PBXFileReference; lastKnownFileType = text.plist.xml; path = Info.plist; sourceTree = "<group>"; };
		E5294D3D1DC9EE9C00AC82DB /* UIWebViewExp.h */ = {isa = PBXFileReference; fileEncoding = 4; lastKnownFileType = sourcecode.c.h; path = UIWebViewExp.h; sourceTree = "<group>"; };
		E5294D3E1DC9EE9C00AC82DB /* UIWebViewExp.m */ = {isa = PBXFileReference; fileEncoding = 4; lastKnownFileType = sourcecode.c.objc; path = UIWebViewExp.m; sourceTree = "<group>"; };
		E58745681F67E63E00C1EF3A /* WKWebViewExp.h */ = {isa = PBXFileReference; fileEncoding = 4; lastKnownFileType = sourcecode.c.h; path = WKWebViewExp.h; sourceTree = "<group>"; };
		E58745691F67E63E00C1EF3A /* WKWebViewExp.m */ = {isa = PBXFileReference; fileEncoding = 4; lastKnownFileType = sourcecode.c.objc; path = WKWebViewExp.m; sourceTree = "<group>"; };
		E5C253B71F68BE69007F257C /* LaunchScreen.storyboard */ = {isa = PBXFileReference; fileEncoding = 4; lastKnownFileType = file.storyboard; path = LaunchScreen.storyboard; sourceTree = "<group>"; };
/* End PBXFileReference section */

/* Begin PBXFrameworksBuildPhase section */
		03D986F2205ECA6E0047E6A7 /* Frameworks */ = {
			isa = PBXFrameworksBuildPhase;
			buildActionMask = 2147483647;
			files = (
			);
			runOnlyForDeploymentPostprocessing = 0;
		};
		E5294D201DC9ED6A00AC82DB /* Frameworks */ = {
			isa = PBXFrameworksBuildPhase;
			buildActionMask = 2147483647;
			files = (
			);
			runOnlyForDeploymentPostprocessing = 0;
		};
/* End PBXFrameworksBuildPhase section */

/* Begin PBXGroup section */
		03D986F6205ECA6E0047E6A7 /* WebViewExpUITests */ = {
			isa = PBXGroup;
			children = (
				03D98700205ECC7E0047E6A7 /* SnapshotHelper.swift */,
				03D986F7205ECA6E0047E6A7 /* WebViewExpUITests.m */,
				03D986F9205ECA6E0047E6A7 /* Info.plist */,
				03D986FF205ECC7D0047E6A7 /* WebViewExpUITests-Bridging-Header.h */,
			);
			path = WebViewExpUITests;
			sourceTree = "<group>";
		};
		E5294D1A1DC9ED6A00AC82DB = {
			isa = PBXGroup;
			children = (
				E5294D251DC9ED6A00AC82DB /* WebViewExp */,
				03D986F6205ECA6E0047E6A7 /* WebViewExpUITests */,
				E5294D241DC9ED6A00AC82DB /* Products */,
			);
			sourceTree = "<group>";
		};
		E5294D241DC9ED6A00AC82DB /* Products */ = {
			isa = PBXGroup;
			children = (
				E5294D231DC9ED6A00AC82DB /* WebViewExp.app */,
				03D986F5205ECA6E0047E6A7 /* WebViewExpUITests.xctest */,
			);
			name = Products;
			sourceTree = "<group>";
		};
		E5294D251DC9ED6A00AC82DB /* WebViewExp */ = {
			isa = PBXGroup;
			children = (
				E5294D291DC9ED6A00AC82DB /* AppDelegate.h */,
				E5294D2A1DC9ED6A00AC82DB /* AppDelegate.m */,
				E5294D2C1DC9ED6A00AC82DB /* ViewController.h */,
				E5294D2D1DC9ED6A00AC82DB /* ViewController.m */,
				E5294D3D1DC9EE9C00AC82DB /* UIWebViewExp.h */,
				E5294D3E1DC9EE9C00AC82DB /* UIWebViewExp.m */,
				E58745681F67E63E00C1EF3A /* WKWebViewExp.h */,
				E58745691F67E63E00C1EF3A /* WKWebViewExp.m */,
				E5294D2F1DC9ED6B00AC82DB /* Main.storyboard */,
				E5C253B71F68BE69007F257C /* LaunchScreen.storyboard */,
				E5294D321DC9ED6B00AC82DB /* Assets.xcassets */,
				E5294D371DC9ED6B00AC82DB /* Info.plist */,
				E5294D261DC9ED6A00AC82DB /* Supporting Files */,
			);
			path = WebViewExp;
			sourceTree = "<group>";
		};
		E5294D261DC9ED6A00AC82DB /* Supporting Files */ = {
			isa = PBXGroup;
			children = (
				E5294D271DC9ED6A00AC82DB /* main.m */,
			);
			name = "Supporting Files";
			sourceTree = "<group>";
		};
/* End PBXGroup section */

/* Begin PBXNativeTarget section */
		03D986F4205ECA6E0047E6A7 /* WebViewExpUITests */ = {
			isa = PBXNativeTarget;
			buildConfigurationList = 03D986FC205ECA6E0047E6A7 /* Build configuration list for PBXNativeTarget "WebViewExpUITests" */;
			buildPhases = (
				03D986F1205ECA6E0047E6A7 /* Sources */,
				03D986F2205ECA6E0047E6A7 /* Frameworks */,
				03D986F3205ECA6E0047E6A7 /* Resources */,
			);
			buildRules = (
			);
			dependencies = (
				03D986FB205ECA6E0047E6A7 /* PBXTargetDependency */,
			);
			name = WebViewExpUITests;
			productName = WebViewExpUITests;
			productReference = 03D986F5205ECA6E0047E6A7 /* WebViewExpUITests.xctest */;
			productType = "com.apple.product-type.bundle.ui-testing";
		};
		E5294D221DC9ED6A00AC82DB /* WebViewExp */ = {
			isa = PBXNativeTarget;
			buildConfigurationList = E5294D3A1DC9ED6B00AC82DB /* Build configuration list for PBXNativeTarget "WebViewExp" */;
			buildPhases = (
				E5294D1F1DC9ED6A00AC82DB /* Sources */,
				E5294D201DC9ED6A00AC82DB /* Frameworks */,
				E5294D211DC9ED6A00AC82DB /* Resources */,
			);
			buildRules = (
			);
			dependencies = (
			);
			name = WebViewExp;
			productName = WebViewExp;
			productReference = E5294D231DC9ED6A00AC82DB /* WebViewExp.app */;
			productType = "com.apple.product-type.application";
		};
/* End PBXNativeTarget section */

/* Begin PBXProject section */
		E5294D1B1DC9ED6A00AC82DB /* Project object */ = {
			isa = PBXProject;
			attributes = {
				LastSwiftUpdateCheck = 0920;
				LastUpgradeCheck = 0830;
				ORGANIZATIONNAME = POLYV;
				TargetAttributes = {
					03D986F4205ECA6E0047E6A7 = {
						CreatedOnToolsVersion = 9.2;
						LastSwiftMigration = 0920;
						ProvisioningStyle = Automatic;
						TestTargetID = E5294D221DC9ED6A00AC82DB;
					};
					E5294D221DC9ED6A00AC82DB = {
						CreatedOnToolsVersion = 7.2.1;
						DevelopmentTeam = V7WL667MJM;
						ProvisioningStyle = Automatic;
					};
				};
			};
			buildConfigurationList = E5294D1E1DC9ED6A00AC82DB /* Build configuration list for PBXProject "WebViewExp" */;
			compatibilityVersion = "Xcode 3.2";
			developmentRegion = English;
			hasScannedForEncodings = 0;
			knownRegions = (
				en,
				Base,
			);
			mainGroup = E5294D1A1DC9ED6A00AC82DB;
			productRefGroup = E5294D241DC9ED6A00AC82DB /* Products */;
			projectDirPath = "";
			projectRoot = "";
			targets = (
				E5294D221DC9ED6A00AC82DB /* WebViewExp */,
				03D986F4205ECA6E0047E6A7 /* WebViewExpUITests */,
			);
		};
/* End PBXProject section */

/* Begin PBXResourcesBuildPhase section */
		03D986F3205ECA6E0047E6A7 /* Resources */ = {
			isa = PBXResourcesBuildPhase;
			buildActionMask = 2147483647;
			files = (
			);
			runOnlyForDeploymentPostprocessing = 0;
		};
		E5294D211DC9ED6A00AC82DB /* Resources */ = {
			isa = PBXResourcesBuildPhase;
			buildActionMask = 2147483647;
			files = (
				E5C253B81F68BE69007F257C /* LaunchScreen.storyboard in Resources */,
				E5294D331DC9ED6B00AC82DB /* Assets.xcassets in Resources */,
				E5294D311DC9ED6B00AC82DB /* Main.storyboard in Resources */,
			);
			runOnlyForDeploymentPostprocessing = 0;
		};
/* End PBXResourcesBuildPhase section */

/* Begin PBXSourcesBuildPhase section */
		03D986F1205ECA6E0047E6A7 /* Sources */ = {
			isa = PBXSourcesBuildPhase;
			buildActionMask = 2147483647;
			files = (
				03D986F8205ECA6E0047E6A7 /* WebViewExpUITests.m in Sources */,
				03D98701205ECC7E0047E6A7 /* SnapshotHelper.swift in Sources */,
			);
			runOnlyForDeploymentPostprocessing = 0;
		};
		E5294D1F1DC9ED6A00AC82DB /* Sources */ = {
			isa = PBXSourcesBuildPhase;
			buildActionMask = 2147483647;
			files = (
				E5294D2E1DC9ED6A00AC82DB /* ViewController.m in Sources */,
				E5294D3F1DC9EE9C00AC82DB /* UIWebViewExp.m in Sources */,
				E5294D2B1DC9ED6A00AC82DB /* AppDelegate.m in Sources */,
				E5294D281DC9ED6A00AC82DB /* main.m in Sources */,
				E587456A1F67E63E00C1EF3A /* WKWebViewExp.m in Sources */,
			);
			runOnlyForDeploymentPostprocessing = 0;
		};
/* End PBXSourcesBuildPhase section */

/* Begin PBXTargetDependency section */
		03D986FB205ECA6E0047E6A7 /* PBXTargetDependency */ = {
			isa = PBXTargetDependency;
			target = E5294D221DC9ED6A00AC82DB /* WebViewExp */;
			targetProxy = 03D986FA205ECA6E0047E6A7 /* PBXContainerItemProxy */;
		};
/* End PBXTargetDependency section */

/* Begin PBXVariantGroup section */
		E5294D2F1DC9ED6B00AC82DB /* Main.storyboard */ = {
			isa = PBXVariantGroup;
			children = (
				E5294D301DC9ED6B00AC82DB /* Base */,
			);
			name = Main.storyboard;
			sourceTree = "<group>";
		};
/* End PBXVariantGroup section */

/* Begin XCBuildConfiguration section */
		03D986FD205ECA6E0047E6A7 /* Debug */ = {
			isa = XCBuildConfiguration;
			buildSettings = {
				CLANG_ANALYZER_NONNULL = YES;
				CLANG_ANALYZER_NUMBER_OBJECT_CONVERSION = YES_AGGRESSIVE;
				CLANG_CXX_LANGUAGE_STANDARD = "gnu++14";
				CLANG_ENABLE_MODULES = YES;
				CLANG_WARN_BLOCK_CAPTURE_AUTORELEASING = YES;
				CLANG_WARN_COMMA = YES;
				CLANG_WARN_DOCUMENTATION_COMMENTS = YES;
				CLANG_WARN_NON_LITERAL_NULL_CONVERSION = YES;
				CLANG_WARN_OBJC_LITERAL_CONVERSION = YES;
				CLANG_WARN_RANGE_LOOP_ANALYSIS = YES;
				CLANG_WARN_STRICT_PROTOTYPES = YES;
				CLANG_WARN_UNGUARDED_AVAILABILITY = YES_AGGRESSIVE;
				CODE_SIGN_IDENTITY = "iPhone Developer";
				CODE_SIGN_STYLE = Automatic;
				DEFINES_MODULE = YES;
				GCC_C_LANGUAGE_STANDARD = gnu11;
				INFOPLIST_FILE = WebViewExpUITests/Info.plist;
				IPHONEOS_DEPLOYMENT_TARGET = 11.2;
				LD_RUNPATH_SEARCH_PATHS = "$(inherited) @executable_path/Frameworks @loader_path/Frameworks";
				PRODUCT_BUNDLE_IDENTIFIER = com.bq.WebViewExpUITests;
				PRODUCT_NAME = "$(TARGET_NAME)";
				SWIFT_OBJC_BRIDGING_HEADER = "WebViewExpUITests/WebViewExpUITests-Bridging-Header.h";
				SWIFT_OPTIMIZATION_LEVEL = "-Onone";
				SWIFT_VERSION = 3.0;
				TARGETED_DEVICE_FAMILY = "1,2";
				TEST_TARGET_NAME = WebViewExp;
			};
			name = Debug;
		};
		03D986FE205ECA6E0047E6A7 /* Release */ = {
			isa = XCBuildConfiguration;
			buildSettings = {
				CLANG_ANALYZER_NONNULL = YES;
				CLANG_ANALYZER_NUMBER_OBJECT_CONVERSION = YES_AGGRESSIVE;
				CLANG_CXX_LANGUAGE_STANDARD = "gnu++14";
				CLANG_ENABLE_MODULES = YES;
				CLANG_WARN_BLOCK_CAPTURE_AUTORELEASING = YES;
				CLANG_WARN_COMMA = YES;
				CLANG_WARN_DOCUMENTATION_COMMENTS = YES;
				CLANG_WARN_NON_LITERAL_NULL_CONVERSION = YES;
				CLANG_WARN_OBJC_LITERAL_CONVERSION = YES;
				CLANG_WARN_RANGE_LOOP_ANALYSIS = YES;
				CLANG_WARN_STRICT_PROTOTYPES = YES;
				CLANG_WARN_UNGUARDED_AVAILABILITY = YES_AGGRESSIVE;
				CODE_SIGN_IDENTITY = "iPhone Developer";
				CODE_SIGN_STYLE = Automatic;
				DEFINES_MODULE = YES;
				GCC_C_LANGUAGE_STANDARD = gnu11;
				INFOPLIST_FILE = WebViewExpUITests/Info.plist;
				IPHONEOS_DEPLOYMENT_TARGET = 11.2;
				LD_RUNPATH_SEARCH_PATHS = "$(inherited) @executable_path/Frameworks @loader_path/Frameworks";
				PRODUCT_BUNDLE_IDENTIFIER = com.bq.WebViewExpUITests;
				PRODUCT_NAME = "$(TARGET_NAME)";
				SWIFT_OBJC_BRIDGING_HEADER = "WebViewExpUITests/WebViewExpUITests-Bridging-Header.h";
				SWIFT_VERSION = 3.0;
				TARGETED_DEVICE_FAMILY = "1,2";
				TEST_TARGET_NAME = WebViewExp;
			};
			name = Release;
		};
		E5294D381DC9ED6B00AC82DB /* Debug */ = {
			isa = XCBuildConfiguration;
			buildSettings = {
				ALWAYS_SEARCH_USER_PATHS = NO;
				CLANG_CXX_LANGUAGE_STANDARD = "gnu++0x";
				CLANG_CXX_LIBRARY = "libc++";
				CLANG_ENABLE_MODULES = YES;
				CLANG_ENABLE_OBJC_ARC = YES;
				CLANG_WARN_BOOL_CONVERSION = YES;
				CLANG_WARN_CONSTANT_CONVERSION = YES;
				CLANG_WARN_DIRECT_OBJC_ISA_USAGE = YES_ERROR;
				CLANG_WARN_EMPTY_BODY = YES;
				CLANG_WARN_ENUM_CONVERSION = YES;
				CLANG_WARN_INFINITE_RECURSION = YES;
				CLANG_WARN_INT_CONVERSION = YES;
				CLANG_WARN_OBJC_ROOT_CLASS = YES_ERROR;
				CLANG_WARN_SUSPICIOUS_MOVE = YES;
				CLANG_WARN_UNREACHABLE_CODE = YES;
				CLANG_WARN__DUPLICATE_METHOD_MATCH = YES;
				"CODE_SIGN_IDENTITY[sdk=iphoneos*]" = "iPhone Developer";
				COPY_PHASE_STRIP = NO;
				DEBUG_INFORMATION_FORMAT = dwarf;
				ENABLE_STRICT_OBJC_MSGSEND = YES;
				ENABLE_TESTABILITY = YES;
				GCC_C_LANGUAGE_STANDARD = gnu99;
				GCC_DYNAMIC_NO_PIC = NO;
				GCC_NO_COMMON_BLOCKS = YES;
				GCC_OPTIMIZATION_LEVEL = 0;
				GCC_PREPROCESSOR_DEFINITIONS = (
					"DEBUG=1",
					"$(inherited)",
				);
				GCC_WARN_64_TO_32_BIT_CONVERSION = YES;
				GCC_WARN_ABOUT_RETURN_TYPE = YES_ERROR;
				GCC_WARN_UNDECLARED_SELECTOR = YES;
				GCC_WARN_UNINITIALIZED_AUTOS = YES_AGGRESSIVE;
				GCC_WARN_UNUSED_FUNCTION = YES;
				GCC_WARN_UNUSED_VARIABLE = YES;
				IPHONEOS_DEPLOYMENT_TARGET = 9.2;
				MTL_ENABLE_DEBUG_INFO = YES;
				ONLY_ACTIVE_ARCH = YES;
				SDKROOT = iphoneos;
			};
			name = Debug;
		};
		E5294D391DC9ED6B00AC82DB /* Release */ = {
			isa = XCBuildConfiguration;
			buildSettings = {
				ALWAYS_SEARCH_USER_PATHS = NO;
				CLANG_CXX_LANGUAGE_STANDARD = "gnu++0x";
				CLANG_CXX_LIBRARY = "libc++";
				CLANG_ENABLE_MODULES = YES;
				CLANG_ENABLE_OBJC_ARC = YES;
				CLANG_WARN_BOOL_CONVERSION = YES;
				CLANG_WARN_CONSTANT_CONVERSION = YES;
				CLANG_WARN_DIRECT_OBJC_ISA_USAGE = YES_ERROR;
				CLANG_WARN_EMPTY_BODY = YES;
				CLANG_WARN_ENUM_CONVERSION = YES;
				CLANG_WARN_INFINITE_RECURSION = YES;
				CLANG_WARN_INT_CONVERSION = YES;
				CLANG_WARN_OBJC_ROOT_CLASS = YES_ERROR;
				CLANG_WARN_SUSPICIOUS_MOVE = YES;
				CLANG_WARN_UNREACHABLE_CODE = YES;
				CLANG_WARN__DUPLICATE_METHOD_MATCH = YES;
				"CODE_SIGN_IDENTITY[sdk=iphoneos*]" = "iPhone Developer";
				COPY_PHASE_STRIP = NO;
				DEBUG_INFORMATION_FORMAT = "dwarf-with-dsym";
				ENABLE_NS_ASSERTIONS = NO;
				ENABLE_STRICT_OBJC_MSGSEND = YES;
				GCC_C_LANGUAGE_STANDARD = gnu99;
				GCC_NO_COMMON_BLOCKS = YES;
				GCC_WARN_64_TO_32_BIT_CONVERSION = YES;
				GCC_WARN_ABOUT_RETURN_TYPE = YES_ERROR;
				GCC_WARN_UNDECLARED_SELECTOR = YES;
				GCC_WARN_UNINITIALIZED_AUTOS = YES_AGGRESSIVE;
				GCC_WARN_UNUSED_FUNCTION = YES;
				GCC_WARN_UNUSED_VARIABLE = YES;
				IPHONEOS_DEPLOYMENT_TARGET = 9.2;
				MTL_ENABLE_DEBUG_INFO = NO;
				SDKROOT = iphoneos;
				VALIDATE_PRODUCT = YES;
			};
			name = Release;
		};
		E5294D3B1DC9ED6B00AC82DB /* Debug */ = {
			isa = XCBuildConfiguration;
			buildSettings = {
				ASSETCATALOG_COMPILER_APPICON_NAME = AppIcon;
				CODE_SIGN_IDENTITY = "iPhone Developer";
				"CODE_SIGN_IDENTITY[sdk=iphoneos*]" = "iPhone Developer";
				CODE_SIGN_STYLE = Automatic;
				DEVELOPMENT_TEAM = V7WL667MJM;
				INFOPLIST_FILE = WebViewExp/Info.plist;
				IPHONEOS_DEPLOYMENT_TARGET = 8.0;
				LD_RUNPATH_SEARCH_PATHS = "$(inherited) @executable_path/Frameworks";
				PRODUCT_BUNDLE_IDENTIFIER = com.bq.webViewExp;
				PRODUCT_NAME = "$(TARGET_NAME)";
				PROVISIONING_PROFILE = "";
				TARGETED_DEVICE_FAMILY = "1,2";
			};
			name = Debug;
		};
		E5294D3C1DC9ED6B00AC82DB /* Release */ = {
			isa = XCBuildConfiguration;
			buildSettings = {
				ASSETCATALOG_COMPILER_APPICON_NAME = AppIcon;
				CODE_SIGN_IDENTITY = "iPhone Developer";
				"CODE_SIGN_IDENTITY[sdk=iphoneos*]" = "iPhone Developer";
				CODE_SIGN_STYLE = Automatic;
				DEVELOPMENT_TEAM = V7WL667MJM;
				INFOPLIST_FILE = WebViewExp/Info.plist;
				IPHONEOS_DEPLOYMENT_TARGET = 8.0;
				LD_RUNPATH_SEARCH_PATHS = "$(inherited) @executable_path/Frameworks";
				PRODUCT_BUNDLE_IDENTIFIER = com.bq.webViewExp;
				PRODUCT_NAME = "$(TARGET_NAME)";
				PROVISIONING_PROFILE = "";
				TARGETED_DEVICE_FAMILY = "1,2";
			};
			name = Release;
		};
/* End XCBuildConfiguration section */

/* Begin XCConfigurationList section */
		03D986FC205ECA6E0047E6A7 /* Build configuration list for PBXNativeTarget "WebViewExpUITests" */ = {
			isa = XCConfigurationList;
			buildConfigurations = (
				03D986FD205ECA6E0047E6A7 /* Debug */,
				03D986FE205ECA6E0047E6A7 /* Release */,
			);
			defaultConfigurationIsVisible = 0;
			defaultConfigurationName = Release;
		};
		E5294D1E1DC9ED6A00AC82DB /* Build configuration list for PBXProject "WebViewExp" */ = {
			isa = XCConfigurationList;
			buildConfigurations = (
				E5294D381DC9ED6B00AC82DB /* Debug */,
				E5294D391DC9ED6B00AC82DB /* Release */,
			);
			defaultConfigurationIsVisible = 0;
			defaultConfigurationName = Release;
		};
		E5294D3A1DC9ED6B00AC82DB /* Build configuration list for PBXNativeTarget "WebViewExp" */ = {
			isa = XCConfigurationList;
			buildConfigurations = (
				E5294D3B1DC9ED6B00AC82DB /* Debug */,
				E5294D3C1DC9ED6B00AC82DB /* Release */,
			);
			defaultConfigurationIsVisible = 0;
			defaultConfigurationName = Release;
		};
/* End XCConfigurationList section */
	};
	rootObject = E5294D1B1DC9ED6A00AC82DB /* Project object */;
}
