// !$*UTF8*$!
{
	archiveVersion = 1;
	classes = {
	};
	objectVersion = 46;
	objects = {

/* Begin PBXBuildFile section */
		03395825206E1C4C00AD83C7 /* UIImage+Zirkfied.m in Sources */ = {isa = PBXBuildFile; fileRef = 03395811206E1C4B00AD83C7 /* UIImage+Zirkfied.m */; };
		03395826206E1C4C00AD83C7 /* UIColor+Zirkfied.m in Sources */ = {isa = PBXBuildFile; fileRef = 03395812206E1C4B00AD83C7 /* UIColor+Zirkfied.m */; };
		03395827206E1C4C00AD83C7 /* ZFConst.m in Sources */ = {isa = PBXBuildFile; fileRef = 03395816206E1C4B00AD83C7 /* ZFConst.m */; };
		03395828206E1C4C00AD83C7 /* ZFScanViewController.m in Sources */ = {isa = PBXBuildFile; fileRef = 03395818206E1C4B00AD83C7 /* ZFScanViewController.m */; };
		03395829206E1C4C00AD83C7 /* ZFMaskView.m in Sources */ = {isa = PBXBuildFile; fileRef = 0339581B206E1C4B00AD83C7 /* ZFMaskView.m */; };
		0339582A206E1C4C00AD83C7 /* QRCodeScanLine@2x.png in Resources */ = {isa = PBXBuildFile; fileRef = 0339581D206E1C4B00AD83C7 /* QRCodeScanLine@2x.png */; };
		0339582B206E1C4C00AD83C7 /* Down@2x.png in Resources */ = {isa = PBXBuildFile; fileRef = 0339581E206E1C4B00AD83C7 /* Down@2x.png */; };
		0339582C206E1C4C00AD83C7 /* ScanQR3@2x.png in Resources */ = {isa = PBXBuildFile; fileRef = 0339581F206E1C4B00AD83C7 /* ScanQR3@2x.png */; };
		0339582D206E1C4C00AD83C7 /* ScanQR1@2x.png in Resources */ = {isa = PBXBuildFile; fileRef = 03395820206E1C4B00AD83C7 /* ScanQR1@2x.png */; };
		0339582E206E1C4C00AD83C7 /* ScanQR4@2x.png in Resources */ = {isa = PBXBuildFile; fileRef = 03395821206E1C4B00AD83C7 /* ScanQR4@2x.png */; };
		0339582F206E1C4C00AD83C7 /* Flashlight_N@2x.png in Resources */ = {isa = PBXBuildFile; fileRef = 03395822206E1C4B00AD83C7 /* Flashlight_N@2x.png */; };
		03395830206E1C4C00AD83C7 /* ScanQR2@2x.png in Resources */ = {isa = PBXBuildFile; fileRef = 03395823206E1C4B00AD83C7 /* ScanQR2@2x.png */; };
		03395831206E1C4C00AD83C7 /* Flashlight_H@2x.png in Resources */ = {isa = PBXBuildFile; fileRef = 03395824206E1C4B00AD83C7 /* Flashlight_H@2x.png */; };
		03483261206F1DF500B7B1E1 /* UIColor+PLVVod.m in Sources */ = {isa = PBXBuildFile; fileRef = 0348325A206F1DF400B7B1E1 /* UIColor+PLVVod.m */; };
		03483262206F1DF500B7B1E1 /* UINavigationController+PLVVod.m in Sources */ = {isa = PBXBuildFile; fileRef = 0348325B206F1DF400B7B1E1 /* UINavigationController+PLVVod.m */; };
		03508275206901150004F2CC /* SettingViewController.m in Sources */ = {isa = PBXBuildFile; fileRef = 03508274206901150004F2CC /* SettingViewController.m */; };
		0350827B206903320004F2CC /* Settings.m in Sources */ = {isa = PBXBuildFile; fileRef = 0350827A206903320004F2CC /* Settings.m */; };
		035E536C206292E700B93F91 /* LaunchScreen.storyboard in Resources */ = {isa = PBXBuildFile; fileRef = 035E536A206292E700B93F91 /* LaunchScreen.storyboard */; };
		036BFBD9206B8970001CAB1B /* WebViewBuilder.m in Sources */ = {isa = PBXBuildFile; fileRef = 036BFBD8206B8970001CAB1B /* WebViewBuilder.m */; };
		036BFC00206B9CCB001CAB1B /* DualWebViewController.m in Sources */ = {isa = PBXBuildFile; fileRef = 036BFBFE206B9CCB001CAB1B /* DualWebViewController.m */; };
		036D84B9207B9BC30073C84F /* BqUtil.m in Sources */ = {isa = PBXBuildFile; fileRef = 036D84B8207B9BC20073C84F /* BqUtil.m */; };
		036D84BC207BB67E0073C84F /* DualPadViewController.m in Sources */ = {isa = PBXBuildFile; fileRef = 036D84BB207BB67E0073C84F /* DualPadViewController.m */; };
		03995D0220623FA20088019D /* README.md in Resources */ = {isa = PBXBuildFile; fileRef = 03995D0120623FA10088019D /* README.md */; };
		03995D06206258B00088019D /* SingleWebViewController.m in Sources */ = {isa = PBXBuildFile; fileRef = 03995D05206258B00088019D /* SingleWebViewController.m */; };
		03C210EF206CD3DA00A490B8 /* DualSplitView.m in Sources */ = {isa = PBXBuildFile; fileRef = 03C210EE206CD3DA00A490B8 /* DualSplitView.m */; };
		03C311202081806500C9ED09 /* RequestDetailViewController.m in Sources */ = {isa = PBXBuildFile; fileRef = 03C3111F2081806500C9ED09 /* RequestDetailViewController.m */; };
		03C3112320819E6800C9ED09 /* NSString+Bq.m in Sources */ = {isa = PBXBuildFile; fileRef = 03C3112220819E6800C9ED09 /* NSString+Bq.m */; };
		03C311262084493A00C9ED09 /* EditRequestViewController.m in Sources */ = {isa = PBXBuildFile; fileRef = 03C311252084493A00C9ED09 /* EditRequestViewController.m */; };
		03C3112920844EE800C9ED09 /* RequestSettings.m in Sources */ = {isa = PBXBuildFile; fileRef = 03C3112820844EE800C9ED09 /* RequestSettings.m */; };
		03D986F8205ECA6E0047E6A7 /* WebViewExpUITests.m in Sources */ = {isa = PBXBuildFile; fileRef = 03D986F7205ECA6E0047E6A7 /* WebViewExpUITests.m */; };
		03D98701205ECC7E0047E6A7 /* SnapshotHelper.swift in Sources */ = {isa = PBXBuildFile; fileRef = 03D98700205ECC7E0047E6A7 /* SnapshotHelper.swift */; };
		7878B965E1A6BFF4319E84D5 /* libPods-WebViewExp.a in Frameworks */ = {isa = PBXBuildFile; fileRef = 4EEBA89A64078897B6B584D2 /* libPods-WebViewExp.a */; };
		8DF10CE757E56E9FF2F15CFD /* libPods-WebViewExpUITests.a in Frameworks */ = {isa = PBXBuildFile; fileRef = 49DB314C79979A53A516BE91 /* libPods-WebViewExpUITests.a */; };
		E5294D281DC9ED6A00AC82DB /* main.m in Sources */ = {isa = PBXBuildFile; fileRef = E5294D271DC9ED6A00AC82DB /* main.m */; };
		E5294D2B1DC9ED6A00AC82DB /* AppDelegate.m in Sources */ = {isa = PBXBuildFile; fileRef = E5294D2A1DC9ED6A00AC82DB /* AppDelegate.m */; };
		E5294D2E1DC9ED6A00AC82DB /* HomeViewController.m in Sources */ = {isa = PBXBuildFile; fileRef = E5294D2D1DC9ED6A00AC82DB /* HomeViewController.m */; };
		E5294D311DC9ED6B00AC82DB /* Main.storyboard in Resources */ = {isa = PBXBuildFile; fileRef = E5294D2F1DC9ED6B00AC82DB /* Main.storyboard */; };
		E5294D331DC9ED6B00AC82DB /* Assets.xcassets in Resources */ = {isa = PBXBuildFile; fileRef = E5294D321DC9ED6B00AC82DB /* Assets.xcassets */; };
/* End PBXBuildFile section */

/* Begin PBXContainerItemProxy section */
		03D986FA205ECA6E0047E6A7 /* PBXContainerItemProxy */ = {
			isa = PBXContainerItemProxy;
			containerPortal = E5294D1B1DC9ED6A00AC82DB /* Project object */;
			proxyType = 1;
			remoteGlobalIDString = E5294D221DC9ED6A00AC82DB;
			remoteInfo = WebViewExp;
		};
/* End PBXContainerItemProxy section */

/* Begin PBXFileReference section */
		0339580E206E1C4B00AD83C7 /* ZFScanViewController.h */ = {isa = PBXFileReference; fileEncoding = 4; lastKnownFileType = sourcecode.c.h; path = ZFScanViewController.h; sourceTree = "<group>"; };
		03395810206E1C4B00AD83C7 /* UIColor+Zirkfied.h */ = {isa = PBXFileReference; fileEncoding = 4; lastKnownFileType = sourcecode.c.h; path = "UIColor+Zirkfied.h"; sourceTree = "<group>"; };
		03395811206E1C4B00AD83C7 /* UIImage+Zirkfied.m */ = {isa = PBXFileReference; fileEncoding = 4; lastKnownFileType = sourcecode.c.objc; path = "UIImage+Zirkfied.m"; sourceTree = "<group>"; };
		03395812206E1C4B00AD83C7 /* UIColor+Zirkfied.m */ = {isa = PBXFileReference; fileEncoding = 4; lastKnownFileType = sourcecode.c.objc; path = "UIColor+Zirkfied.m"; sourceTree = "<group>"; };
		03395813206E1C4B00AD83C7 /* UIImage+Zirkfied.h */ = {isa = PBXFileReference; fileEncoding = 4; lastKnownFileType = sourcecode.c.h; path = "UIImage+Zirkfied.h"; sourceTree = "<group>"; };
		03395815206E1C4B00AD83C7 /* ZFColor.h */ = {isa = PBXFileReference; fileEncoding = 4; lastKnownFileType = sourcecode.c.h; path = ZFColor.h; sourceTree = "<group>"; };
		03395816206E1C4B00AD83C7 /* ZFConst.m */ = {isa = PBXFileReference; fileEncoding = 4; lastKnownFileType = sourcecode.c.objc; path = ZFConst.m; sourceTree = "<group>"; };
		03395817206E1C4B00AD83C7 /* ZFConst.h */ = {isa = PBXFileReference; fileEncoding = 4; lastKnownFileType = sourcecode.c.h; path = ZFConst.h; sourceTree = "<group>"; };
		03395818206E1C4B00AD83C7 /* ZFScanViewController.m */ = {isa = PBXFileReference; fileEncoding = 4; lastKnownFileType = sourcecode.c.objc; path = ZFScanViewController.m; sourceTree = "<group>"; };
		0339581A206E1C4B00AD83C7 /* ZFMaskView.h */ = {isa = PBXFileReference; fileEncoding = 4; lastKnownFileType = sourcecode.c.h; path = ZFMaskView.h; sourceTree = "<group>"; };
		0339581B206E1C4B00AD83C7 /* ZFMaskView.m */ = {isa = PBXFileReference; fileEncoding = 4; lastKnownFileType = sourcecode.c.objc; path = ZFMaskView.m; sourceTree = "<group>"; };
		0339581D206E1C4B00AD83C7 /* QRCodeScanLine@2x.png */ = {isa = PBXFileReference; lastKnownFileType = image.png; path = "QRCodeScanLine@2x.png"; sourceTree = "<group>"; };
		0339581E206E1C4B00AD83C7 /* Down@2x.png */ = {isa = PBXFileReference; lastKnownFileType = image.png; path = "Down@2x.png"; sourceTree = "<group>"; };
		0339581F206E1C4B00AD83C7 /* ScanQR3@2x.png */ = {isa = PBXFileReference; lastKnownFileType = image.png; path = "ScanQR3@2x.png"; sourceTree = "<group>"; };
		03395820206E1C4B00AD83C7 /* ScanQR1@2x.png */ = {isa = PBXFileReference; lastKnownFileType = image.png; path = "ScanQR1@2x.png"; sourceTree = "<group>"; };
		03395821206E1C4B00AD83C7 /* ScanQR4@2x.png */ = {isa = PBXFileReference; lastKnownFileType = image.png; path = "ScanQR4@2x.png"; sourceTree = "<group>"; };
		03395822206E1C4B00AD83C7 /* Flashlight_N@2x.png */ = {isa = PBXFileReference; lastKnownFileType = image.png; path = "Flashlight_N@2x.png"; sourceTree = "<group>"; };
		03395823206E1C4B00AD83C7 /* ScanQR2@2x.png */ = {isa = PBXFileReference; lastKnownFileType = image.png; path = "ScanQR2@2x.png"; sourceTree = "<group>"; };
		03395824206E1C4B00AD83C7 /* Flashlight_H@2x.png */ = {isa = PBXFileReference; lastKnownFileType = image.png; path = "Flashlight_H@2x.png"; sourceTree = "<group>"; };
		03483255206F1DF400B7B1E1 /* UIColor+PLVVod.h */ = {isa = PBXFileReference; fileEncoding = 4; lastKnownFileType = sourcecode.c.h; path = "UIColor+PLVVod.h"; sourceTree = "<group>"; };
		03483256206F1DF400B7B1E1 /* UINavigationController+PLVVod.h */ = {isa = PBXFileReference; fileEncoding = 4; lastKnownFileType = sourcecode.c.h; path = "UINavigationController+PLVVod.h"; sourceTree = "<group>"; };
		0348325A206F1DF400B7B1E1 /* UIColor+PLVVod.m */ = {isa = PBXFileReference; fileEncoding = 4; lastKnownFileType = sourcecode.c.objc; path = "UIColor+PLVVod.m"; sourceTree = "<group>"; };
		0348325B206F1DF400B7B1E1 /* UINavigationController+PLVVod.m */ = {isa = PBXFileReference; fileEncoding = 4; lastKnownFileType = sourcecode.c.objc; path = "UINavigationController+PLVVod.m"; sourceTree = "<group>"; };
		03508273206901150004F2CC /* SettingViewController.h */ = {isa = PBXFileReference; lastKnownFileType = sourcecode.c.h; path = SettingViewController.h; sourceTree = "<group>"; };
		03508274206901150004F2CC /* SettingViewController.m */ = {isa = PBXFileReference; lastKnownFileType = sourcecode.c.objc; path = SettingViewController.m; sourceTree = "<group>"; };
		03508279206903320004F2CC /* Settings.h */ = {isa = PBXFileReference; lastKnownFileType = sourcecode.c.h; path = Settings.h; sourceTree = "<group>"; };
		0350827A206903320004F2CC /* Settings.m */ = {isa = PBXFileReference; lastKnownFileType = sourcecode.c.objc; path = Settings.m; sourceTree = "<group>"; };
		035E536B206292E700B93F91 /* Base */ = {isa = PBXFileReference; lastKnownFileType = file.storyboard; name = Base; path = Base.lproj/LaunchScreen.storyboard; sourceTree = "<group>"; };
		036BFBD7206B8970001CAB1B /* WebViewBuilder.h */ = {isa = PBXFileReference; lastKnownFileType = sourcecode.c.h; path = WebViewBuilder.h; sourceTree = "<group>"; };
		036BFBD8206B8970001CAB1B /* WebViewBuilder.m */ = {isa = PBXFileReference; lastKnownFileType = sourcecode.c.objc; path = WebViewBuilder.m; sourceTree = "<group>"; };
		036BFBFD206B9CCB001CAB1B /* DualWebViewController.h */ = {isa = PBXFileReference; lastKnownFileType = sourcecode.c.h; path = DualWebViewController.h; sourceTree = "<group>"; };
		036BFBFE206B9CCB001CAB1B /* DualWebViewController.m */ = {isa = PBXFileReference; lastKnownFileType = sourcecode.c.objc; path = DualWebViewController.m; sourceTree = "<group>"; };
		036D84B7207B9BC20073C84F /* BqUtil.h */ = {isa = PBXFileReference; lastKnownFileType = sourcecode.c.h; path = BqUtil.h; sourceTree = "<group>"; };
		036D84B8207B9BC20073C84F /* BqUtil.m */ = {isa = PBXFileReference; lastKnownFileType = sourcecode.c.objc; path = BqUtil.m; sourceTree = "<group>"; };
		036D84BA207BB67E0073C84F /* DualPadViewController.h */ = {isa = PBXFileReference; lastKnownFileType = sourcecode.c.h; path = DualPadViewController.h; sourceTree = "<group>"; };
		036D84BB207BB67E0073C84F /* DualPadViewController.m */ = {isa = PBXFileReference; lastKnownFileType = sourcecode.c.objc; path = DualPadViewController.m; sourceTree = "<group>"; };
		036D84BD207BB7610073C84F /* DualWebViewControllerProtocol.h */ = {isa = PBXFileReference; lastKnownFileType = sourcecode.c.h; path = DualWebViewControllerProtocol.h; sourceTree = "<group>"; };
		03995D0120623FA10088019D /* README.md */ = {isa = PBXFileReference; fileEncoding = 4; lastKnownFileType = net.daringfireball.markdown; path = README.md; sourceTree = "<group>"; };
		03995D04206258B00088019D /* SingleWebViewController.h */ = {isa = PBXFileReference; lastKnownFileType = sourcecode.c.h; path = SingleWebViewController.h; sourceTree = "<group>"; };
		03995D05206258B00088019D /* SingleWebViewController.m */ = {isa = PBXFileReference; lastKnownFileType = sourcecode.c.objc; path = SingleWebViewController.m; sourceTree = "<group>"; };
		03C210ED206CD3DA00A490B8 /* DualSplitView.h */ = {isa = PBXFileReference; lastKnownFileType = sourcecode.c.h; path = DualSplitView.h; sourceTree = "<group>"; };
		03C210EE206CD3DA00A490B8 /* DualSplitView.m */ = {isa = PBXFileReference; lastKnownFileType = sourcecode.c.objc; path = DualSplitView.m; sourceTree = "<group>"; };
		03C3111E2081806500C9ED09 /* RequestDetailViewController.h */ = {isa = PBXFileReference; lastKnownFileType = sourcecode.c.h; path = RequestDetailViewController.h; sourceTree = "<group>"; };
		03C3111F2081806500C9ED09 /* RequestDetailViewController.m */ = {isa = PBXFileReference; lastKnownFileType = sourcecode.c.objc; path = RequestDetailViewController.m; sourceTree = "<group>"; };
		03C3112120819E6800C9ED09 /* NSString+Bq.h */ = {isa = PBXFileReference; lastKnownFileType = sourcecode.c.h; path = "NSString+Bq.h"; sourceTree = "<group>"; };
		03C3112220819E6800C9ED09 /* NSString+Bq.m */ = {isa = PBXFileReference; lastKnownFileType = sourcecode.c.objc; path = "NSString+Bq.m"; sourceTree = "<group>"; };
		03C311242084493A00C9ED09 /* EditRequestViewController.h */ = {isa = PBXFileReference; lastKnownFileType = sourcecode.c.h; path = EditRequestViewController.h; sourceTree = "<group>"; };
		03C311252084493A00C9ED09 /* EditRequestViewController.m */ = {isa = PBXFileReference; lastKnownFileType = sourcecode.c.objc; path = EditRequestViewController.m; sourceTree = "<group>"; };
		03C3112720844EE800C9ED09 /* RequestSettings.h */ = {isa = PBXFileReference; lastKnownFileType = sourcecode.c.h; path = RequestSettings.h; sourceTree = "<group>"; };
		03C3112820844EE800C9ED09 /* RequestSettings.m */ = {isa = PBXFileReference; lastKnownFileType = sourcecode.c.objc; path = RequestSettings.m; sourceTree = "<group>"; };
		03C3112A20844F4900C9ED09 /* SettingProtocol.h */ = {isa = PBXFileReference; lastKnownFileType = sourcecode.c.h; path = SettingProtocol.h; sourceTree = "<group>"; };
		03D986F5205ECA6E0047E6A7 /* WebViewExpUITests.xctest */ = {isa = PBXFileReference; explicitFileType = wrapper.cfbundle; includeInIndex = 0; path = WebViewExpUITests.xctest; sourceTree = BUILT_PRODUCTS_DIR; };
		03D986F7205ECA6E0047E6A7 /* WebViewExpUITests.m */ = {isa = PBXFileReference; lastKnownFileType = sourcecode.c.objc; path = WebViewExpUITests.m; sourceTree = "<group>"; };
		03D986F9205ECA6E0047E6A7 /* Info.plist */ = {isa = PBXFileReference; lastKnownFileType = text.plist.xml; path = Info.plist; sourceTree = "<group>"; };
		03D986FF205ECC7D0047E6A7 /* WebViewExpUITests-Bridging-Header.h */ = {isa = PBXFileReference; lastKnownFileType = sourcecode.c.h; path = "WebViewExpUITests-Bridging-Header.h"; sourceTree = "<group>"; };
		03D98700205ECC7E0047E6A7 /* SnapshotHelper.swift */ = {isa = PBXFileReference; fileEncoding = 4; lastKnownFileType = sourcecode.swift; name = SnapshotHelper.swift; path = fastlane/SnapshotHelper.swift; sourceTree = SOURCE_ROOT; };
		0BA6443A9F78276E8A5EBC6F /* Pods-WebViewExpUITests.debug.xcconfig */ = {isa = PBXFileReference; includeInIndex = 1; lastKnownFileType = text.xcconfig; name = "Pods-WebViewExpUITests.debug.xcconfig"; path = "Pods/Target Support Files/Pods-WebViewExpUITests/Pods-WebViewExpUITests.debug.xcconfig"; sourceTree = "<group>"; };
		3331EC4F36F8EE7288CDF018 /* Pods-WebViewExp.debug.xcconfig */ = {isa = PBXFileReference; includeInIndex = 1; lastKnownFileType = text.xcconfig; name = "Pods-WebViewExp.debug.xcconfig"; path = "Pods/Target Support Files/Pods-WebViewExp/Pods-WebViewExp.debug.xcconfig"; sourceTree = "<group>"; };
		49DB314C79979A53A516BE91 /* libPods-WebViewExpUITests.a */ = {isa = PBXFileReference; explicitFileType = archive.ar; includeInIndex = 0; path = "libPods-WebViewExpUITests.a"; sourceTree = BUILT_PRODUCTS_DIR; };
		4EEBA89A64078897B6B584D2 /* libPods-WebViewExp.a */ = {isa = PBXFileReference; explicitFileType = archive.ar; includeInIndex = 0; path = "libPods-WebViewExp.a"; sourceTree = BUILT_PRODUCTS_DIR; };
		C7364BB909C612F218EFDC69 /* Pods-WebViewExp.release.xcconfig */ = {isa = PBXFileReference; includeInIndex = 1; lastKnownFileType = text.xcconfig; name = "Pods-WebViewExp.release.xcconfig"; path = "Pods/Target Support Files/Pods-WebViewExp/Pods-WebViewExp.release.xcconfig"; sourceTree = "<group>"; };
		DAEA6228D96CC9B1EB2375A4 /* Pods-WebViewExpUITests.release.xcconfig */ = {isa = PBXFileReference; includeInIndex = 1; lastKnownFileType = text.xcconfig; name = "Pods-WebViewExpUITests.release.xcconfig"; path = "Pods/Target Support Files/Pods-WebViewExpUITests/Pods-WebViewExpUITests.release.xcconfig"; sourceTree = "<group>"; };
		E5294D231DC9ED6A00AC82DB /* WebViewExp.app */ = {isa = PBXFileReference; explicitFileType = wrapper.application; includeInIndex = 0; path = WebViewExp.app; sourceTree = BUILT_PRODUCTS_DIR; };
		E5294D271DC9ED6A00AC82DB /* main.m */ = {isa = PBXFileReference; lastKnownFileType = sourcecode.c.objc; path = main.m; sourceTree = "<group>"; };
		E5294D291DC9ED6A00AC82DB /* AppDelegate.h */ = {isa = PBXFileReference; lastKnownFileType = sourcecode.c.h; path = AppDelegate.h; sourceTree = "<group>"; };
		E5294D2A1DC9ED6A00AC82DB /* AppDelegate.m */ = {isa = PBXFileReference; lastKnownFileType = sourcecode.c.objc; path = AppDelegate.m; sourceTree = "<group>"; };
		E5294D2C1DC9ED6A00AC82DB /* HomeViewController.h */ = {isa = PBXFileReference; lastKnownFileType = sourcecode.c.h; path = HomeViewController.h; sourceTree = "<group>"; };
		E5294D2D1DC9ED6A00AC82DB /* HomeViewController.m */ = {isa = PBXFileReference; lastKnownFileType = sourcecode.c.objc; path = HomeViewController.m; sourceTree = "<group>"; };
		E5294D301DC9ED6B00AC82DB /* Base */ = {isa = PBXFileReference; lastKnownFileType = file.storyboard; name = Base; path = Base.lproj/Main.storyboard; sourceTree = "<group>"; };
		E5294D321DC9ED6B00AC82DB /* Assets.xcassets */ = {isa = PBXFileReference; lastKnownFileType = folder.assetcatalog; path = Assets.xcassets; sourceTree = "<group>"; };
		E5294D371DC9ED6B00AC82DB /* Info.plist */ = {isa = PBXFileReference; lastKnownFileType = text.plist.xml; path = Info.plist; sourceTree = "<group>"; };
/* End PBXFileReference section */

/* Begin PBXFrameworksBuildPhase section */
		03D986F2205ECA6E0047E6A7 /* Frameworks */ = {
			isa = PBXFrameworksBuildPhase;
			buildActionMask = 2147483647;
			files = (
				8DF10CE757E56E9FF2F15CFD /* libPods-WebViewExpUITests.a in Frameworks */,
			);
			runOnlyForDeploymentPostprocessing = 0;
		};
		E5294D201DC9ED6A00AC82DB /* Frameworks */ = {
			isa = PBXFrameworksBuildPhase;
			buildActionMask = 2147483647;
			files = (
				7878B965E1A6BFF4319E84D5 /* libPods-WebViewExp.a in Frameworks */,
			);
			runOnlyForDeploymentPostprocessing = 0;
		};
/* End PBXFrameworksBuildPhase section */

/* Begin PBXGroup section */
		0339580D206E1C4B00AD83C7 /* ZFScan */ = {
			isa = PBXGroup;
			children = (
				0339580F206E1C4B00AD83C7 /* Category */,
				03395819206E1C4B00AD83C7 /* CustomView */,
				03395814206E1C4B00AD83C7 /* Other */,
				0339581C206E1C4B00AD83C7 /* resource */,
				0339580E206E1C4B00AD83C7 /* ZFScanViewController.h */,
				03395818206E1C4B00AD83C7 /* ZFScanViewController.m */,
			);
			path = ZFScan;
			sourceTree = "<group>";
		};
		0339580F206E1C4B00AD83C7 /* Category */ = {
			isa = PBXGroup;
			children = (
				03395810206E1C4B00AD83C7 /* UIColor+Zirkfied.h */,
				03395811206E1C4B00AD83C7 /* UIImage+Zirkfied.m */,
				03395812206E1C4B00AD83C7 /* UIColor+Zirkfied.m */,
				03395813206E1C4B00AD83C7 /* UIImage+Zirkfied.h */,
			);
			path = Category;
			sourceTree = "<group>";
		};
		03395814206E1C4B00AD83C7 /* Other */ = {
			isa = PBXGroup;
			children = (
				03395815206E1C4B00AD83C7 /* ZFColor.h */,
				03395816206E1C4B00AD83C7 /* ZFConst.m */,
				03395817206E1C4B00AD83C7 /* ZFConst.h */,
			);
			path = Other;
			sourceTree = "<group>";
		};
		03395819206E1C4B00AD83C7 /* CustomView */ = {
			isa = PBXGroup;
			children = (
				0339581A206E1C4B00AD83C7 /* ZFMaskView.h */,
				0339581B206E1C4B00AD83C7 /* ZFMaskView.m */,
			);
			path = CustomView;
			sourceTree = "<group>";
		};
		0339581C206E1C4B00AD83C7 /* resource */ = {
			isa = PBXGroup;
			children = (
				0339581D206E1C4B00AD83C7 /* QRCodeScanLine@2x.png */,
				0339581E206E1C4B00AD83C7 /* Down@2x.png */,
				0339581F206E1C4B00AD83C7 /* ScanQR3@2x.png */,
				03395820206E1C4B00AD83C7 /* ScanQR1@2x.png */,
				03395821206E1C4B00AD83C7 /* ScanQR4@2x.png */,
				03395822206E1C4B00AD83C7 /* Flashlight_N@2x.png */,
				03395823206E1C4B00AD83C7 /* ScanQR2@2x.png */,
				03395824206E1C4B00AD83C7 /* Flashlight_H@2x.png */,
			);
			path = resource;
			sourceTree = "<group>";
		};
		03483253206F1DF400B7B1E1 /* Category */ = {
			isa = PBXGroup;
			children = (
				03483255206F1DF400B7B1E1 /* UIColor+PLVVod.h */,
				0348325A206F1DF400B7B1E1 /* UIColor+PLVVod.m */,
				03483256206F1DF400B7B1E1 /* UINavigationController+PLVVod.h */,
				0348325B206F1DF400B7B1E1 /* UINavigationController+PLVVod.m */,
				03C3112120819E6800C9ED09 /* NSString+Bq.h */,
				03C3112220819E6800C9ED09 /* NSString+Bq.m */,
			);
			path = Category;
			sourceTree = "<group>";
		};
		035082762069025D0004F2CC /* Classes */ = {
			isa = PBXGroup;
			children = (
				03483253206F1DF400B7B1E1 /* Category */,
				03508277206902790004F2CC /* Main */,
				03995D03206240880088019D /* WebViewController */,
			);
			path = Classes;
			sourceTree = "<group>";
		};
		03508277206902790004F2CC /* Main */ = {
			isa = PBXGroup;
			children = (
				0339580D206E1C4B00AD83C7 /* ZFScan */,
				036BFBFC206B9192001CAB1B /* Settings */,
				036BFBD6206B894F001CAB1B /* Util */,
				E5294D291DC9ED6A00AC82DB /* AppDelegate.h */,
				E5294D2A1DC9ED6A00AC82DB /* AppDelegate.m */,
				E5294D2C1DC9ED6A00AC82DB /* HomeViewController.h */,
				E5294D2D1DC9ED6A00AC82DB /* HomeViewController.m */,
			);
			path = Main;
			sourceTree = "<group>";
		};
		035082782069031A0004F2CC /* Model */ = {
			isa = PBXGroup;
			children = (
				03508279206903320004F2CC /* Settings.h */,
				0350827A206903320004F2CC /* Settings.m */,
				03C3112A20844F4900C9ED09 /* SettingProtocol.h */,
				03C3112720844EE800C9ED09 /* RequestSettings.h */,
				03C3112820844EE800C9ED09 /* RequestSettings.m */,
			);
			path = Model;
			sourceTree = "<group>";
		};
		036BFBD6206B894F001CAB1B /* Util */ = {
			isa = PBXGroup;
			children = (
				036BFBD7206B8970001CAB1B /* WebViewBuilder.h */,
				036BFBD8206B8970001CAB1B /* WebViewBuilder.m */,
				036D84B7207B9BC20073C84F /* BqUtil.h */,
				036D84B8207B9BC20073C84F /* BqUtil.m */,
			);
			path = Util;
			sourceTree = "<group>";
		};
		036BFBFC206B9192001CAB1B /* Settings */ = {
			isa = PBXGroup;
			children = (
				035082782069031A0004F2CC /* Model */,
				03508273206901150004F2CC /* SettingViewController.h */,
				03508274206901150004F2CC /* SettingViewController.m */,
				03C311242084493A00C9ED09 /* EditRequestViewController.h */,
				03C311252084493A00C9ED09 /* EditRequestViewController.m */,
			);
			path = Settings;
			sourceTree = "<group>";
		};
		03995D03206240880088019D /* WebViewController */ = {
			isa = PBXGroup;
			children = (
				03995D04206258B00088019D /* SingleWebViewController.h */,
				03995D05206258B00088019D /* SingleWebViewController.m */,
				03C3111E2081806500C9ED09 /* RequestDetailViewController.h */,
				03C3111F2081806500C9ED09 /* RequestDetailViewController.m */,
				036D84BD207BB7610073C84F /* DualWebViewControllerProtocol.h */,
				036BFBFD206B9CCB001CAB1B /* DualWebViewController.h */,
				036BFBFE206B9CCB001CAB1B /* DualWebViewController.m */,
				036D84BA207BB67E0073C84F /* DualPadViewController.h */,
				036D84BB207BB67E0073C84F /* DualPadViewController.m */,
				03C210F0206CD3DF00A490B8 /* View */,
			);
			path = WebViewController;
			sourceTree = "<group>";
		};
		03C210F0206CD3DF00A490B8 /* View */ = {
			isa = PBXGroup;
			children = (
				03C210ED206CD3DA00A490B8 /* DualSplitView.h */,
				03C210EE206CD3DA00A490B8 /* DualSplitView.m */,
			);
			path = View;
			sourceTree = "<group>";
		};
		03D986F6205ECA6E0047E6A7 /* WebViewExpUITests */ = {
			isa = PBXGroup;
			children = (
				03D98700205ECC7E0047E6A7 /* SnapshotHelper.swift */,
				03D986F7205ECA6E0047E6A7 /* WebViewExpUITests.m */,
				03D986F9205ECA6E0047E6A7 /* Info.plist */,
				03D986FF205ECC7D0047E6A7 /* WebViewExpUITests-Bridging-Header.h */,
			);
			path = WebViewExpUITests;
			sourceTree = "<group>";
		};
		0776738A08114E8C10BBBB4F /* Pods */ = {
			isa = PBXGroup;
			children = (
				3331EC4F36F8EE7288CDF018 /* Pods-WebViewExp.debug.xcconfig */,
				C7364BB909C612F218EFDC69 /* Pods-WebViewExp.release.xcconfig */,
				0BA6443A9F78276E8A5EBC6F /* Pods-WebViewExpUITests.debug.xcconfig */,
				DAEA6228D96CC9B1EB2375A4 /* Pods-WebViewExpUITests.release.xcconfig */,
			);
			name = Pods;
			sourceTree = "<group>";
		};
		32F6476AC2310CCCE0D07F6D /* Frameworks */ = {
			isa = PBXGroup;
			children = (
				4EEBA89A64078897B6B584D2 /* libPods-WebViewExp.a */,
				49DB314C79979A53A516BE91 /* libPods-WebViewExpUITests.a */,
			);
			name = Frameworks;
			sourceTree = "<group>";
		};
		E5294D1A1DC9ED6A00AC82DB = {
			isa = PBXGroup;
			children = (
				03995D0120623FA10088019D /* README.md */,
				E5294D251DC9ED6A00AC82DB /* WebViewExp */,
				03D986F6205ECA6E0047E6A7 /* WebViewExpUITests */,
				E5294D241DC9ED6A00AC82DB /* Products */,
				0776738A08114E8C10BBBB4F /* Pods */,
				32F6476AC2310CCCE0D07F6D /* Frameworks */,
			);
			sourceTree = "<group>";
		};
		E5294D241DC9ED6A00AC82DB /* Products */ = {
			isa = PBXGroup;
			children = (
				E5294D231DC9ED6A00AC82DB /* WebViewExp.app */,
				03D986F5205ECA6E0047E6A7 /* WebViewExpUITests.xctest */,
			);
			name = Products;
			sourceTree = "<group>";
		};
		E5294D251DC9ED6A00AC82DB /* WebViewExp */ = {
			isa = PBXGroup;
			children = (
				035082762069025D0004F2CC /* Classes */,
				E5294D261DC9ED6A00AC82DB /* Supporting Files */,
			);
			path = WebViewExp;
			sourceTree = "<group>";
		};
		E5294D261DC9ED6A00AC82DB /* Supporting Files */ = {
			isa = PBXGroup;
			children = (
				035E536A206292E700B93F91 /* LaunchScreen.storyboard */,
				E5294D2F1DC9ED6B00AC82DB /* Main.storyboard */,
				E5294D321DC9ED6B00AC82DB /* Assets.xcassets */,
				E5294D371DC9ED6B00AC82DB /* Info.plist */,
				E5294D271DC9ED6A00AC82DB /* main.m */,
			);
			name = "Supporting Files";
			sourceTree = "<group>";
		};
/* End PBXGroup section */

/* Begin PBXNativeTarget section */
		03D986F4205ECA6E0047E6A7 /* WebViewExpUITests */ = {
			isa = PBXNativeTarget;
			buildConfigurationList = 03D986FC205ECA6E0047E6A7 /* Build configuration list for PBXNativeTarget "WebViewExpUITests" */;
			buildPhases = (
				896FBEEF304047249DBC7241 /* [CP] Check Pods Manifest.lock */,
				03D986F1205ECA6E0047E6A7 /* Sources */,
				03D986F2205ECA6E0047E6A7 /* Frameworks */,
				03D986F3205ECA6E0047E6A7 /* Resources */,
				C553F7410D2BDE39F4950A39 /* [CP] Embed Pods Frameworks */,
				8002E5D66A9813384B867E99 /* [CP] Copy Pods Resources */,
			);
			buildRules = (
			);
			dependencies = (
				03D986FB205ECA6E0047E6A7 /* PBXTargetDependency */,
			);
			name = WebViewExpUITests;
			productName = WebViewExpUITests;
			productReference = 03D986F5205ECA6E0047E6A7 /* WebViewExpUITests.xctest */;
			productType = "com.apple.product-type.bundle.ui-testing";
		};
		E5294D221DC9ED6A00AC82DB /* WebViewExp */ = {
			isa = PBXNativeTarget;
			buildConfigurationList = E5294D3A1DC9ED6B00AC82DB /* Build configuration list for PBXNativeTarget "WebViewExp" */;
			buildPhases = (
				920A85297C344319DBA80015 /* [CP] Check Pods Manifest.lock */,
				E5294D1F1DC9ED6A00AC82DB /* Sources */,
				E5294D201DC9ED6A00AC82DB /* Frameworks */,
				E5294D211DC9ED6A00AC82DB /* Resources */,
				D4793C6028334D5CABB5B2DB /* [CP] Embed Pods Frameworks */,
				9DCA51029A35895A562A6AD0 /* [CP] Copy Pods Resources */,
			);
			buildRules = (
			);
			dependencies = (
			);
			name = WebViewExp;
			productName = WebViewExp;
			productReference = E5294D231DC9ED6A00AC82DB /* WebViewExp.app */;
			productType = "com.apple.product-type.application";
		};
/* End PBXNativeTarget section */

/* Begin PBXProject section */
		E5294D1B1DC9ED6A00AC82DB /* Project object */ = {
			isa = PBXProject;
			attributes = {
				CLASSPREFIX = "";
				LastSwiftUpdateCheck = 0920;
				LastUpgradeCheck = 0830;
				ORGANIZATIONNAME = Bq;
				TargetAttributes = {
					03D986F4205ECA6E0047E6A7 = {
						CreatedOnToolsVersion = 9.2;
						LastSwiftMigration = 0920;
						ProvisioningStyle = Automatic;
						TestTargetID = E5294D221DC9ED6A00AC82DB;
					};
					E5294D221DC9ED6A00AC82DB = {
						CreatedOnToolsVersion = 7.2.1;
						DevelopmentTeam = V7WL667MJM;
						ProvisioningStyle = Automatic;
					};
				};
			};
			buildConfigurationList = E5294D1E1DC9ED6A00AC82DB /* Build configuration list for PBXProject "WebViewExp" */;
			compatibilityVersion = "Xcode 3.2";
			developmentRegion = English;
			hasScannedForEncodings = 0;
			knownRegions = (
				en,
				Base,
			);
			mainGroup = E5294D1A1DC9ED6A00AC82DB;
			productRefGroup = E5294D241DC9ED6A00AC82DB /* Products */;
			projectDirPath = "";
			projectRoot = "";
			targets = (
				E5294D221DC9ED6A00AC82DB /* WebViewExp */,
				03D986F4205ECA6E0047E6A7 /* WebViewExpUITests */,
			);
		};
/* End PBXProject section */

/* Begin PBXResourcesBuildPhase section */
		03D986F3205ECA6E0047E6A7 /* Resources */ = {
			isa = PBXResourcesBuildPhase;
			buildActionMask = 2147483647;
			files = (
			);
			runOnlyForDeploymentPostprocessing = 0;
		};
		E5294D211DC9ED6A00AC82DB /* Resources */ = {
			isa = PBXResourcesBuildPhase;
			buildActionMask = 2147483647;
			files = (
				E5294D331DC9ED6B00AC82DB /* Assets.xcassets in Resources */,
				03395830206E1C4C00AD83C7 /* ScanQR2@2x.png in Resources */,
				0339582B206E1C4C00AD83C7 /* Down@2x.png in Resources */,
				0339582D206E1C4C00AD83C7 /* ScanQR1@2x.png in Resources */,
				03395831206E1C4C00AD83C7 /* Flashlight_H@2x.png in Resources */,
				035E536C206292E700B93F91 /* LaunchScreen.storyboard in Resources */,
				03995D0220623FA20088019D /* README.md in Resources */,
				E5294D311DC9ED6B00AC82DB /* Main.storyboard in Resources */,
				0339582E206E1C4C00AD83C7 /* ScanQR4@2x.png in Resources */,
				0339582F206E1C4C00AD83C7 /* Flashlight_N@2x.png in Resources */,
				0339582C206E1C4C00AD83C7 /* ScanQR3@2x.png in Resources */,
				0339582A206E1C4C00AD83C7 /* QRCodeScanLine@2x.png in Resources */,
			);
			runOnlyForDeploymentPostprocessing = 0;
		};
/* End PBXResourcesBuildPhase section */

/* Begin PBXShellScriptBuildPhase section */
		8002E5D66A9813384B867E99 /* [CP] Copy Pods Resources */ = {
			isa = PBXShellScriptBuildPhase;
			buildActionMask = 2147483647;
			files = (
			);
			inputPaths = (
			);
			name = "[CP] Copy Pods Resources";
			outputPaths = (
			);
			runOnlyForDeploymentPostprocessing = 0;
			shellPath = /bin/sh;
			shellScript = "\"${SRCROOT}/Pods/Target Support Files/Pods-WebViewExpUITests/Pods-WebViewExpUITests-resources.sh\"\n";
			showEnvVarsInLog = 0;
		};
		896FBEEF304047249DBC7241 /* [CP] Check Pods Manifest.lock */ = {
			isa = PBXShellScriptBuildPhase;
			buildActionMask = 2147483647;
			files = (
			);
			inputPaths = (
				"${PODS_PODFILE_DIR_PATH}/Podfile.lock",
				"${PODS_ROOT}/Manifest.lock",
			);
			name = "[CP] Check Pods Manifest.lock";
			outputPaths = (
				"$(DERIVED_FILE_DIR)/Pods-WebViewExpUITests-checkManifestLockResult.txt",
			);
			runOnlyForDeploymentPostprocessing = 0;
			shellPath = /bin/sh;
			shellScript = "diff \"${PODS_PODFILE_DIR_PATH}/Podfile.lock\" \"${PODS_ROOT}/Manifest.lock\" > /dev/null\nif [ $? != 0 ] ; then\n    # print error to STDERR\n    echo \"error: The sandbox is not in sync with the Podfile.lock. Run 'pod install' or update your CocoaPods installation.\" >&2\n    exit 1\nfi\n# This output is used by Xcode 'outputs' to avoid re-running this script phase.\necho \"SUCCESS\" > \"${SCRIPT_OUTPUT_FILE_0}\"\n";
			showEnvVarsInLog = 0;
		};
		920A85297C344319DBA80015 /* [CP] Check Pods Manifest.lock */ = {
			isa = PBXShellScriptBuildPhase;
			buildActionMask = 2147483647;
			files = (
			);
			inputPaths = (
				"${PODS_PODFILE_DIR_PATH}/Podfile.lock",
				"${PODS_ROOT}/Manifest.lock",
			);
			name = "[CP] Check Pods Manifest.lock";
			outputPaths = (
				"$(DERIVED_FILE_DIR)/Pods-WebViewExp-checkManifestLockResult.txt",
			);
			runOnlyForDeploymentPostprocessing = 0;
			shellPath = /bin/sh;
			shellScript = "diff \"${PODS_PODFILE_DIR_PATH}/Podfile.lock\" \"${PODS_ROOT}/Manifest.lock\" > /dev/null\nif [ $? != 0 ] ; then\n    # print error to STDERR\n    echo \"error: The sandbox is not in sync with the Podfile.lock. Run 'pod install' or update your CocoaPods installation.\" >&2\n    exit 1\nfi\n# This output is used by Xcode 'outputs' to avoid re-running this script phase.\necho \"SUCCESS\" > \"${SCRIPT_OUTPUT_FILE_0}\"\n";
			showEnvVarsInLog = 0;
		};
		9DCA51029A35895A562A6AD0 /* [CP] Copy Pods Resources */ = {
			isa = PBXShellScriptBuildPhase;
			buildActionMask = 2147483647;
			files = (
			);
			inputPaths = (
			);
			name = "[CP] Copy Pods Resources";
			outputPaths = (
			);
			runOnlyForDeploymentPostprocessing = 0;
			shellPath = /bin/sh;
			shellScript = "\"${SRCROOT}/Pods/Target Support Files/Pods-WebViewExp/Pods-WebViewExp-resources.sh\"\n";
			showEnvVarsInLog = 0;
		};
		C553F7410D2BDE39F4950A39 /* [CP] Embed Pods Frameworks */ = {
			isa = PBXShellScriptBuildPhase;
			buildActionMask = 2147483647;
			files = (
			);
			inputPaths = (
			);
			name = "[CP] Embed Pods Frameworks";
			outputPaths = (
			);
			runOnlyForDeploymentPostprocessing = 0;
			shellPath = /bin/sh;
			shellScript = "\"${SRCROOT}/Pods/Target Support Files/Pods-WebViewExpUITests/Pods-WebViewExpUITests-frameworks.sh\"\n";
			showEnvVarsInLog = 0;
		};
		D4793C6028334D5CABB5B2DB /* [CP] Embed Pods Frameworks */ = {
			isa = PBXShellScriptBuildPhase;
			buildActionMask = 2147483647;
			files = (
			);
			inputPaths = (
			);
			name = "[CP] Embed Pods Frameworks";
			outputPaths = (
			);
			runOnlyForDeploymentPostprocessing = 0;
			shellPath = /bin/sh;
			shellScript = "\"${SRCROOT}/Pods/Target Support Files/Pods-WebViewExp/Pods-WebViewExp-frameworks.sh\"\n";
			showEnvVarsInLog = 0;
		};
/* End PBXShellScriptBuildPhase section */

/* Begin PBXSourcesBuildPhase section */
		03D986F1205ECA6E0047E6A7 /* Sources */ = {
			isa = PBXSourcesBuildPhase;
			buildActionMask = 2147483647;
			files = (
				03D986F8205ECA6E0047E6A7 /* WebViewExpUITests.m in Sources */,
				03D98701205ECC7E0047E6A7 /* SnapshotHelper.swift in Sources */,
			);
			runOnlyForDeploymentPostprocessing = 0;
		};
		E5294D1F1DC9ED6A00AC82DB /* Sources */ = {
			isa = PBXSourcesBuildPhase;
			buildActionMask = 2147483647;
			files = (
				E5294D2E1DC9ED6A00AC82DB /* HomeViewController.m in Sources */,
				03995D06206258B00088019D /* SingleWebViewController.m in Sources */,
				036D84B9207B9BC30073C84F /* BqUtil.m in Sources */,
				03508275206901150004F2CC /* SettingViewController.m in Sources */,
				03C3112920844EE800C9ED09 /* RequestSettings.m in Sources */,
				03395828206E1C4C00AD83C7 /* ZFScanViewController.m in Sources */,
				036BFBD9206B8970001CAB1B /* WebViewBuilder.m in Sources */,
				036D84BC207BB67E0073C84F /* DualPadViewController.m in Sources */,
				03395826206E1C4C00AD83C7 /* UIColor+Zirkfied.m in Sources */,
				03395825206E1C4C00AD83C7 /* UIImage+Zirkfied.m in Sources */,
				E5294D2B1DC9ED6A00AC82DB /* AppDelegate.m in Sources */,
				03C3112320819E6800C9ED09 /* NSString+Bq.m in Sources */,
				E5294D281DC9ED6A00AC82DB /* main.m in Sources */,
				036BFC00206B9CCB001CAB1B /* DualWebViewController.m in Sources */,
				03483262206F1DF500B7B1E1 /* UINavigationController+PLVVod.m in Sources */,
				03C210EF206CD3DA00A490B8 /* DualSplitView.m in Sources */,
				03C311262084493A00C9ED09 /* EditRequestViewController.m in Sources */,
				0350827B206903320004F2CC /* Settings.m in Sources */,
				03C311202081806500C9ED09 /* RequestDetailViewController.m in Sources */,
				03483261206F1DF500B7B1E1 /* UIColor+PLVVod.m in Sources */,
				03395829206E1C4C00AD83C7 /* ZFMaskView.m in Sources */,
				03395827206E1C4C00AD83C7 /* ZFConst.m in Sources */,
			);
			runOnlyForDeploymentPostprocessing = 0;
		};
/* End PBXSourcesBuildPhase section */

/* Begin PBXTargetDependency section */
		03D986FB205ECA6E0047E6A7 /* PBXTargetDependency */ = {
			isa = PBXTargetDependency;
			target = E5294D221DC9ED6A00AC82DB /* WebViewExp */;
			targetProxy = 03D986FA205ECA6E0047E6A7 /* PBXContainerItemProxy */;
		};
/* End PBXTargetDependency section */

/* Begin PBXVariantGroup section */
		035E536A206292E700B93F91 /* LaunchScreen.storyboard */ = {
			isa = PBXVariantGroup;
			children = (
				035E536B206292E700B93F91 /* Base */,
			);
			name = LaunchScreen.storyboard;
			sourceTree = "<group>";
		};
		E5294D2F1DC9ED6B00AC82DB /* Main.storyboard */ = {
			isa = PBXVariantGroup;
			children = (
				E5294D301DC9ED6B00AC82DB /* Base */,
			);
			name = Main.storyboard;
			sourceTree = "<group>";
		};
/* End PBXVariantGroup section */

/* Begin XCBuildConfiguration section */
		03D986FD205ECA6E0047E6A7 /* Debug */ = {
			isa = XCBuildConfiguration;
			baseConfigurationReference = 0BA6443A9F78276E8A5EBC6F /* Pods-WebViewExpUITests.debug.xcconfig */;
			buildSettings = {
				CLANG_ANALYZER_NONNULL = YES;
				CLANG_ANALYZER_NUMBER_OBJECT_CONVERSION = YES_AGGRESSIVE;
				CLANG_CXX_LANGUAGE_STANDARD = "gnu++14";
				CLANG_ENABLE_MODULES = YES;
				CLANG_WARN_BLOCK_CAPTURE_AUTORELEASING = YES;
				CLANG_WARN_COMMA = YES;
				CLANG_WARN_DOCUMENTATION_COMMENTS = YES;
				CLANG_WARN_NON_LITERAL_NULL_CONVERSION = YES;
				CLANG_WARN_OBJC_LITERAL_CONVERSION = YES;
				CLANG_WARN_RANGE_LOOP_ANALYSIS = YES;
				CLANG_WARN_STRICT_PROTOTYPES = YES;
				CLANG_WARN_UNGUARDED_AVAILABILITY = YES_AGGRESSIVE;
				CODE_SIGN_IDENTITY = "iPhone Developer";
				CODE_SIGN_STYLE = Automatic;
				DEFINES_MODULE = YES;
				GCC_C_LANGUAGE_STANDARD = gnu11;
				INFOPLIST_FILE = WebViewExpUITests/Info.plist;
				IPHONEOS_DEPLOYMENT_TARGET = 11.2;
				LD_RUNPATH_SEARCH_PATHS = "$(inherited) @executable_path/Frameworks @loader_path/Frameworks";
				PRODUCT_BUNDLE_IDENTIFIER = com.bq.WebViewExpUITests;
				PRODUCT_NAME = "$(TARGET_NAME)";
				SWIFT_OBJC_BRIDGING_HEADER = "WebViewExpUITests/WebViewExpUITests-Bridging-Header.h";
				SWIFT_OPTIMIZATION_LEVEL = "-Onone";
				SWIFT_VERSION = 3.0;
				TARGETED_DEVICE_FAMILY = "1,2";
				TEST_TARGET_NAME = WebViewExp;
			};
			name = Debug;
		};
		03D986FE205ECA6E0047E6A7 /* Release */ = {
			isa = XCBuildConfiguration;
			baseConfigurationReference = DAEA6228D96CC9B1EB2375A4 /* Pods-WebViewExpUITests.release.xcconfig */;
			buildSettings = {
				CLANG_ANALYZER_NONNULL = YES;
				CLANG_ANALYZER_NUMBER_OBJECT_CONVERSION = YES_AGGRESSIVE;
				CLANG_CXX_LANGUAGE_STANDARD = "gnu++14";
				CLANG_ENABLE_MODULES = YES;
				CLANG_WARN_BLOCK_CAPTURE_AUTORELEASING = YES;
				CLANG_WARN_COMMA = YES;
				CLANG_WARN_DOCUMENTATION_COMMENTS = YES;
				CLANG_WARN_NON_LITERAL_NULL_CONVERSION = YES;
				CLANG_WARN_OBJC_LITERAL_CONVERSION = YES;
				CLANG_WARN_RANGE_LOOP_ANALYSIS = YES;
				CLANG_WARN_STRICT_PROTOTYPES = YES;
				CLANG_WARN_UNGUARDED_AVAILABILITY = YES_AGGRESSIVE;
				CODE_SIGN_IDENTITY = "iPhone Developer";
				CODE_SIGN_STYLE = Automatic;
				DEFINES_MODULE = YES;
				GCC_C_LANGUAGE_STANDARD = gnu11;
				INFOPLIST_FILE = WebViewExpUITests/Info.plist;
				IPHONEOS_DEPLOYMENT_TARGET = 11.2;
				LD_RUNPATH_SEARCH_PATHS = "$(inherited) @executable_path/Frameworks @loader_path/Frameworks";
				PRODUCT_BUNDLE_IDENTIFIER = com.bq.WebViewExpUITests;
				PRODUCT_NAME = "$(TARGET_NAME)";
				SWIFT_OBJC_BRIDGING_HEADER = "WebViewExpUITests/WebViewExpUITests-Bridging-Header.h";
				SWIFT_VERSION = 3.0;
				TARGETED_DEVICE_FAMILY = "1,2";
				TEST_TARGET_NAME = WebViewExp;
			};
			name = Release;
		};
		E5294D381DC9ED6B00AC82DB /* Debug */ = {
			isa = XCBuildConfiguration;
			buildSettings = {
				ALWAYS_SEARCH_USER_PATHS = NO;
				CLANG_CXX_LANGUAGE_STANDARD = "gnu++0x";
				CLANG_CXX_LIBRARY = "libc++";
				CLANG_ENABLE_MODULES = YES;
				CLANG_ENABLE_OBJC_ARC = YES;
				CLANG_WARN_BOOL_CONVERSION = YES;
				CLANG_WARN_CONSTANT_CONVERSION = YES;
				CLANG_WARN_DIRECT_OBJC_ISA_USAGE = YES_ERROR;
				CLANG_WARN_EMPTY_BODY = YES;
				CLANG_WARN_ENUM_CONVERSION = YES;
				CLANG_WARN_INFINITE_RECURSION = YES;
				CLANG_WARN_INT_CONVERSION = YES;
				CLANG_WARN_OBJC_ROOT_CLASS = YES_ERROR;
				CLANG_WARN_SUSPICIOUS_MOVE = YES;
				CLANG_WARN_UNREACHABLE_CODE = YES;
				CLANG_WARN__DUPLICATE_METHOD_MATCH = YES;
				"CODE_SIGN_IDENTITY[sdk=iphoneos*]" = "iPhone Developer";
				COPY_PHASE_STRIP = NO;
				DEBUG_INFORMATION_FORMAT = dwarf;
				ENABLE_STRICT_OBJC_MSGSEND = YES;
				ENABLE_TESTABILITY = YES;
				GCC_C_LANGUAGE_STANDARD = gnu99;
				GCC_DYNAMIC_NO_PIC = NO;
				GCC_NO_COMMON_BLOCKS = YES;
				GCC_OPTIMIZATION_LEVEL = 0;
				GCC_PREPROCESSOR_DEFINITIONS = (
					"DEBUG=1",
					"$(inherited)",
				);
				GCC_WARN_64_TO_32_BIT_CONVERSION = YES;
				GCC_WARN_ABOUT_RETURN_TYPE = YES_ERROR;
				GCC_WARN_UNDECLARED_SELECTOR = YES;
				GCC_WARN_UNINITIALIZED_AUTOS = YES_AGGRESSIVE;
				GCC_WARN_UNUSED_FUNCTION = YES;
				GCC_WARN_UNUSED_VARIABLE = YES;
				IPHONEOS_DEPLOYMENT_TARGET = 9.2;
				MTL_ENABLE_DEBUG_INFO = YES;
				ONLY_ACTIVE_ARCH = YES;
				SDKROOT = iphoneos;
			};
			name = Debug;
		};
		E5294D391DC9ED6B00AC82DB /* Release */ = {
			isa = XCBuildConfiguration;
			buildSettings = {
				ALWAYS_SEARCH_USER_PATHS = NO;
				CLANG_CXX_LANGUAGE_STANDARD = "gnu++0x";
				CLANG_CXX_LIBRARY = "libc++";
				CLANG_ENABLE_MODULES = YES;
				CLANG_ENABLE_OBJC_ARC = YES;
				CLANG_WARN_BOOL_CONVERSION = YES;
				CLANG_WARN_CONSTANT_CONVERSION = YES;
				CLANG_WARN_DIRECT_OBJC_ISA_USAGE = YES_ERROR;
				CLANG_WARN_EMPTY_BODY = YES;
				CLANG_WARN_ENUM_CONVERSION = YES;
				CLANG_WARN_INFINITE_RECURSION = YES;
				CLANG_WARN_INT_CONVERSION = YES;
				CLANG_WARN_OBJC_ROOT_CLASS = YES_ERROR;
				CLANG_WARN_SUSPICIOUS_MOVE = YES;
				CLANG_WARN_UNREACHABLE_CODE = YES;
				CLANG_WARN__DUPLICATE_METHOD_MATCH = YES;
				"CODE_SIGN_IDENTITY[sdk=iphoneos*]" = "iPhone Developer";
				COPY_PHASE_STRIP = NO;
				DEBUG_INFORMATION_FORMAT = "dwarf-with-dsym";
				ENABLE_NS_ASSERTIONS = NO;
				ENABLE_STRICT_OBJC_MSGSEND = YES;
				GCC_C_LANGUAGE_STANDARD = gnu99;
				GCC_NO_COMMON_BLOCKS = YES;
				GCC_WARN_64_TO_32_BIT_CONVERSION = YES;
				GCC_WARN_ABOUT_RETURN_TYPE = YES_ERROR;
				GCC_WARN_UNDECLARED_SELECTOR = YES;
				GCC_WARN_UNINITIALIZED_AUTOS = YES_AGGRESSIVE;
				GCC_WARN_UNUSED_FUNCTION = YES;
				GCC_WARN_UNUSED_VARIABLE = YES;
				IPHONEOS_DEPLOYMENT_TARGET = 9.2;
				MTL_ENABLE_DEBUG_INFO = NO;
				SDKROOT = iphoneos;
				VALIDATE_PRODUCT = YES;
			};
			name = Release;
		};
		E5294D3B1DC9ED6B00AC82DB /* Debug */ = {
			isa = XCBuildConfiguration;
			baseConfigurationReference = 3331EC4F36F8EE7288CDF018 /* Pods-WebViewExp.debug.xcconfig */;
			buildSettings = {
				ASSETCATALOG_COMPILER_APPICON_NAME = AppIcon;
				CODE_SIGN_IDENTITY = "iPhone Developer";
				"CODE_SIGN_IDENTITY[sdk=iphoneos*]" = "iPhone Developer";
				CODE_SIGN_STYLE = Automatic;
				DEBUG_ACTIVITY_MODE = "";
				"DEBUG_ACTIVITY_MODE[sdk=iphonesimulator*]" = disable;
				DEVELOPMENT_TEAM = V7WL667MJM;
				INFOPLIST_FILE = WebViewExp/Info.plist;
				IPHONEOS_DEPLOYMENT_TARGET = 8.0;
				LD_RUNPATH_SEARCH_PATHS = "$(inherited) @executable_path/Frameworks";
				PRODUCT_BUNDLE_IDENTIFIER = com.bq.webViewExp;
				PRODUCT_NAME = "$(TARGET_NAME)";
				PROVISIONING_PROFILE = "";
				TARGETED_DEVICE_FAMILY = "1,2";
			};
			name = Debug;
		};
		E5294D3C1DC9ED6B00AC82DB /* Release */ = {
			isa = XCBuildConfiguration;
			baseConfigurationReference = C7364BB909C612F218EFDC69 /* Pods-WebViewExp.release.xcconfig */;
			buildSettings = {
				ASSETCATALOG_COMPILER_APPICON_NAME = AppIcon;
				CODE_SIGN_IDENTITY = "iPhone Developer";
				"CODE_SIGN_IDENTITY[sdk=iphoneos*]" = "iPhone Developer";
				CODE_SIGN_STYLE = Automatic;
				DEBUG_ACTIVITY_MODE = "";
				DEVELOPMENT_TEAM = V7WL667MJM;
				INFOPLIST_FILE = WebViewExp/Info.plist;
				IPHONEOS_DEPLOYMENT_TARGET = 8.0;
				LD_RUNPATH_SEARCH_PATHS = "$(inherited) @executable_path/Frameworks";
				PRODUCT_BUNDLE_IDENTIFIER = com.bq.webViewExp;
				PRODUCT_NAME = "$(TARGET_NAME)";
				PROVISIONING_PROFILE = "";
				TARGETED_DEVICE_FAMILY = "1,2";
			};
			name = Release;
		};
/* End XCBuildConfiguration section */

/* Begin XCConfigurationList section */
		03D986FC205ECA6E0047E6A7 /* Build configuration list for PBXNativeTarget "WebViewExpUITests" */ = {
			isa = XCConfigurationList;
			buildConfigurations = (
				03D986FD205ECA6E0047E6A7 /* Debug */,
				03D986FE205ECA6E0047E6A7 /* Release */,
			);
			defaultConfigurationIsVisible = 0;
			defaultConfigurationName = Release;
		};
		E5294D1E1DC9ED6A00AC82DB /* Build configuration list for PBXProject "WebViewExp" */ = {
			isa = XCConfigurationList;
			buildConfigurations = (
				E5294D381DC9ED6B00AC82DB /* Debug */,
				E5294D391DC9ED6B00AC82DB /* Release */,
			);
			defaultConfigurationIsVisible = 0;
			defaultConfigurationName = Release;
		};
		E5294D3A1DC9ED6B00AC82DB /* Build configuration list for PBXNativeTarget "WebViewExp" */ = {
			isa = XCConfigurationList;
			buildConfigurations = (
				E5294D3B1DC9ED6B00AC82DB /* Debug */,
				E5294D3C1DC9ED6B00AC82DB /* Release */,
			);
			defaultConfigurationIsVisible = 0;
			defaultConfigurationName = Release;
		};
/* End XCConfigurationList section */
	};
	rootObject = E5294D1B1DC9ED6A00AC82DB /* Project object */;
}
